{
  "name": "03-npm",
  "version": "1.0.0",
  "lockfileVersion": 1,
  "requires": true,
  "dependencies": {
    "lion-lib-n": {
      "version": "1.0.1",
      "resolved": "https://registry.npm.taobao.org/lion-lib-n/download/lion-lib-n-1.0.1.tgz?cache=0&sync_timestamp=1586443962560&other_urls=https%3A%2F%2Fregistry.npm.taobao.org%2Flion-lib-n%2Fdownload%2Flion-lib-n-1.0.1.tgz",
      "integrity": "sha1-eoG4DmMq02hi9ULmyOjlU5uiiAA="
    }
  }
}
