{
  "name": "03-npm",
  "version": "1.0.0",
  "lockfileVersion": 1,
  "requires": true,
  "dependencies": {
    "lion-lib-n": {
      "version": "1.0.0",
      "resolved": "https://registry.npm.taobao.org/lion-lib-n/download/lion-lib-n-1.0.0.tgz",
      "integrity": "sha1-0HvsBE88emymnZaLq3GJAns0x/Y="
    }
  }
}
